
Microsoft Visual Studio Solution File, Format Version 12.00
# Visual Studio Version 17
VisualStudioVersion = 17.0.32112.339
MinimumVisualStudioVersion = 10.0.40219.1
Project("{FAE04EC0-301F-11D3-BF4B-00C04F79EFBC}") = "floatType", "floatType.csproj", "{B5B8FB5C-E83B-42DD-9EDB-0CC11C85CF0B}"
EndProject
Global
	GlobalSection(SolutionConfigurationPlatforms) = preSolution
		Debug|Any CPU = Debug|Any CPU
		Release|Any CPU = Release|Any CPU
	EndGlobalSection
	GlobalSection(ProjectConfigurationPlatforms) = postSolution
		{B5B8FB5C-E83B-42DD-9EDB-0CC11C85CF0B}.Debug|Any CPU.ActiveCfg = Debug|Any CPU
		{B5B8FB5C-E83B-42DD-9EDB-0CC11C85CF0B}.Debug|Any CPU.Build.0 = Debug|Any CPU
		{B5B8FB5C-E83B-42DD-9EDB-0CC11C85CF0B}.Release|Any CPU.ActiveCfg = Release|Any CPU
		{B5B8FB5C-E83B-42DD-9EDB-0CC11C85CF0B}.Release|Any CPU.Build.0 = Release|Any CPU
	EndGlobalSection
	GlobalSection(SolutionProperties) = preSolution
		HideSolutionNode = FALSE
	EndGlobalSection
	GlobalSection(ExtensibilityGlobals) = postSolution
		SolutionGuid = {DE0DB76D-7308-4C1D-8BB6-02D8620A154A}
	EndGlobalSection
EndGlobal
